
Microsoft Visual Studio Solution File, Format Version 12.00
# Visual Studio Version 16
VisualStudioVersion = 16.0.30114.105
MinimumVisualStudioVersion = 10.0.40219.1
Project("{2150E333-8FDC-42A3-9474-1A3956D46DE8}") = "src", "src", "{C973901D-C0D5-42F0-B064-9F02E650A19D}"
EndProject
Project("{FAE04EC0-301F-11D3-BF4B-00C04F79EFBC}") = "SimpleAPI", "src\SimpleAPI\SimpleAPI.csproj", "{5466BB6D-094F-4C5B-9141-F03A93711384}"
EndProject
Project("{2150E333-8FDC-42A3-9474-1A3956D46DE8}") = "test", "test", "{CC092424-9271-49D1-9648-9054D589DF02}"
EndProject
Project("{FAE04EC0-301F-11D3-BF4B-00C04F79EFBC}") = "SimpleAPI.TEST", "test\SimpleAPI.TEST\SimpleAPI.TEST.csproj", "{001830B0-5326-4F0F-BD54-7A14E9EE9480}"
EndProject
Global
	GlobalSection(SolutionConfigurationPlatforms) = preSolution
		Debug|Any CPU = Debug|Any CPU
		Debug|x64 = Debug|x64
		Debug|x86 = Debug|x86
		Release|Any CPU = Release|Any CPU
		Release|x64 = Release|x64
		Release|x86 = Release|x86
	EndGlobalSection
	GlobalSection(SolutionProperties) = preSolution
		HideSolutionNode = FALSE
	EndGlobalSection
	GlobalSection(ProjectConfigurationPlatforms) = postSolution
		{5466BB6D-094F-4C5B-9141-F03A93711384}.Debug|Any CPU.ActiveCfg = Debug|Any CPU
		{5466BB6D-094F-4C5B-9141-F03A93711384}.Debug|Any CPU.Build.0 = Debug|Any CPU
		{5466BB6D-094F-4C5B-9141-F03A93711384}.Debug|x64.ActiveCfg = Debug|Any CPU
		{5466BB6D-094F-4C5B-9141-F03A93711384}.Debug|x64.Build.0 = Debug|Any CPU
		{5466BB6D-094F-4C5B-9141-F03A93711384}.Debug|x86.ActiveCfg = Debug|Any CPU
		{5466BB6D-094F-4C5B-9141-F03A93711384}.Debug|x86.Build.0 = Debug|Any CPU
		{5466BB6D-094F-4C5B-9141-F03A93711384}.Release|Any CPU.ActiveCfg = Release|Any CPU
		{5466BB6D-094F-4C5B-9141-F03A93711384}.Release|Any CPU.Build.0 = Release|Any CPU
		{5466BB6D-094F-4C5B-9141-F03A93711384}.Release|x64.ActiveCfg = Release|Any CPU
		{5466BB6D-094F-4C5B-9141-F03A93711384}.Release|x64.Build.0 = Release|Any CPU
		{5466BB6D-094F-4C5B-9141-F03A93711384}.Release|x86.ActiveCfg = Release|Any CPU
		{5466BB6D-094F-4C5B-9141-F03A93711384}.Release|x86.Build.0 = Release|Any CPU
		{001830B0-5326-4F0F-BD54-7A14E9EE9480}.Debug|Any CPU.ActiveCfg = Debug|Any CPU
		{001830B0-5326-4F0F-BD54-7A14E9EE9480}.Debug|Any CPU.Build.0 = Debug|Any CPU
		{001830B0-5326-4F0F-BD54-7A14E9EE9480}.Debug|x64.ActiveCfg = Debug|Any CPU
		{001830B0-5326-4F0F-BD54-7A14E9EE9480}.Debug|x64.Build.0 = Debug|Any CPU
		{001830B0-5326-4F0F-BD54-7A14E9EE9480}.Debug|x86.ActiveCfg = Debug|Any CPU
		{001830B0-5326-4F0F-BD54-7A14E9EE9480}.Debug|x86.Build.0 = Debug|Any CPU
		{001830B0-5326-4F0F-BD54-7A14E9EE9480}.Release|Any CPU.ActiveCfg = Release|Any CPU
		{001830B0-5326-4F0F-BD54-7A14E9EE9480}.Release|Any CPU.Build.0 = Release|Any CPU
		{001830B0-5326-4F0F-BD54-7A14E9EE9480}.Release|x64.ActiveCfg = Release|Any CPU
		{001830B0-5326-4F0F-BD54-7A14E9EE9480}.Release|x64.Build.0 = Release|Any CPU
		{001830B0-5326-4F0F-BD54-7A14E9EE9480}.Release|x86.ActiveCfg = Release|Any CPU
		{001830B0-5326-4F0F-BD54-7A14E9EE9480}.Release|x86.Build.0 = Release|Any CPU
	EndGlobalSection
	GlobalSection(NestedProjects) = preSolution
		{5466BB6D-094F-4C5B-9141-F03A93711384} = {C973901D-C0D5-42F0-B064-9F02E650A19D}
		{001830B0-5326-4F0F-BD54-7A14E9EE9480} = {CC092424-9271-49D1-9648-9054D589DF02}
	EndGlobalSection
EndGlobal
